// !$*UTF8*$!
{
	archiveVersion = 1;
	classes = {
	};
	objectVersion = 46;
	objects = {

/* Begin PBXBuildFile section */
		46ECBE0A1B15B40D00953FFA /* main.m in Sources */ = {isa = PBXBuildFile; fileRef = 46ECBE091B15B40D00953FFA /* main.m */; };
		46ECBE0D1B15B40D00953FFA /* AppDelegate.m in Sources */ = {isa = PBXBuildFile; fileRef = 46ECBE0C1B15B40D00953FFA /* AppDelegate.m */; };
		46ECBE101B15B40D00953FFA /* ViewController.m in Sources */ = {isa = PBXBuildFile; fileRef = 46ECBE0F1B15B40D00953FFA /* ViewController.m */; };
		46ECBE131B15B40D00953FFA /* Main.storyboard in Resources */ = {isa = PBXBuildFile; fileRef = 46ECBE111B15B40D00953FFA /* Main.storyboard */; };
		46ECBE151B15B40D00953FFA /* Images.xcassets in Resources */ = {isa = PBXBuildFile; fileRef = 46ECBE141B15B40D00953FFA /* Images.xcassets */; };
		46ECBE181B15B40D00953FFA /* LaunchScreen.xib in Resources */ = {isa = PBXBuildFile; fileRef = 46ECBE161B15B40D00953FFA /* LaunchScreen.xib */; };
		46ECBE241B15B40D00953FFA /* LayerChp3Tests.m in Sources */ = {isa = PBXBuildFile; fileRef = 46ECBE231B15B40D00953FFA /* LayerChp3Tests.m */; };
/* End PBXBuildFile section */

/* Begin PBXContainerItemProxy section */
		46ECBE1E1B15B40D00953FFA /* PBXContainerItemProxy */ = {
			isa = PBXContainerItemProxy;
			containerPortal = 46ECBDFC1B15B40D00953FFA /* Project object */;
			proxyType = 1;
			remoteGlobalIDString = 46ECBE031B15B40D00953FFA;
			remoteInfo = LayerChp3;
		};
/* End PBXContainerItemProxy section */

/* Begin PBXFileReference section */
		46ECBE041B15B40D00953FFA /* LayerChp3.app */ = {isa = PBXFileReference; explicitFileType = wrapper.application; includeInIndex = 0; path = LayerChp3.app; sourceTree = BUILT_PRODUCTS_DIR; };
		46ECBE081B15B40D00953FFA /* Info.plist */ = {isa = PBXFileReference; lastKnownFileType = text.plist.xml; path = Info.plist; sourceTree = "<group>"; };
		46ECBE091B15B40D00953FFA /* main.m */ = {isa = PBXFileReference; lastKnownFileType = sourcecode.c.objc; path = main.m; sourceTree = "<group>"; };
		46ECBE0B1B15B40D00953FFA /* AppDelegate.h */ = {isa = PBXFileReference; lastKnownFileType = sourcecode.c.h; path = AppDelegate.h; sourceTree = "<group>"; };
		46ECBE0C1B15B40D00953FFA /* AppDelegate.m */ = {isa = PBXFileReference; lastKnownFileType = sourcecode.c.objc; path = AppDelegate.m; sourceTree = "<group>"; };
		46ECBE0E1B15B40D00953FFA /* ViewController.h */ = {isa = PBXFileReference; lastKnownFileType = sourcecode.c.h; path = ViewController.h; sourceTree = "<group>"; };
		46ECBE0F1B15B40D00953FFA /* ViewController.m */ = {isa = PBXFileReference; lastKnownFileType = sourcecode.c.objc; path = ViewController.m; sourceTree = "<group>"; };
		46ECBE121B15B40D00953FFA /* Base */ = {isa = PBXFileReference; lastKnownFileType = file.storyboard; name = Base; path = Base.lproj/Main.storyboard; sourceTree = "<group>"; };
		46ECBE141B15B40D00953FFA /* Images.xcassets */ = {isa = PBXFileReference; lastKnownFileType = folder.assetcatalog; path = Images.xcassets; sourceTree = "<group>"; };
		46ECBE171B15B40D00953FFA /* Base */ = {isa = PBXFileReference; lastKnownFileType = file.xib; name = Base; path = Base.lproj/LaunchScreen.xib; sourceTree = "<group>"; };
		46ECBE1D1B15B40D00953FFA /* LayerChp3Tests.xctest */ = {isa = PBXFileReference; explicitFileType = wrapper.cfbundle; includeInIndex = 0; path = LayerChp3Tests.xctest; sourceTree = BUILT_PRODUCTS_DIR; };
		46ECBE221B15B40D00953FFA /* Info.plist */ = {isa = PBXFileReference; lastKnownFileType = text.plist.xml; path = Info.plist; sourceTree = "<group>"; };
		46ECBE231B15B40D00953FFA /* LayerChp3Tests.m */ = {isa = PBXFileReference; lastKnownFileType = sourcecode.c.objc; path = LayerChp3Tests.m; sourceTree = "<group>"; };
/* End PBXFileReference section */

/* Begin PBXFrameworksBuildPhase section */
		46ECBE011B15B40D00953FFA /* Frameworks */ = {
			isa = PBXFrameworksBuildPhase;
			buildActionMask = 2147483647;
			files = (
			);
			runOnlyForDeploymentPostprocessing = 0;
		};
		46ECBE1A1B15B40D00953FFA /* Frameworks */ = {
			isa = PBXFrameworksBuildPhase;
			buildActionMask = 2147483647;
			files = (
			);
			runOnlyForDeploymentPostprocessing = 0;
		};
/* End PBXFrameworksBuildPhase section */

/* Begin PBXGroup section */
		46ECBDFB1B15B40D00953FFA = {
			isa = PBXGroup;
			children = (
				46ECBE061B15B40D00953FFA /* LayerChp3 */,
				46ECBE201B15B40D00953FFA /* LayerChp3Tests */,
				46ECBE051B15B40D00953FFA /* Products */,
			);
			sourceTree = "<group>";
		};
		46ECBE051B15B40D00953FFA /* Products */ = {
			isa = PBXGroup;
			children = (
				46ECBE041B15B40D00953FFA /* LayerChp3.app */,
				46ECBE1D1B15B40D00953FFA /* LayerChp3Tests.xctest */,
			);
			name = Products;
			sourceTree = "<group>";
		};
		46ECBE061B15B40D00953FFA /* LayerChp3 */ = {
			isa = PBXGroup;
			children = (
				46ECBE0B1B15B40D00953FFA /* AppDelegate.h */,
				46ECBE0C1B15B40D00953FFA /* AppDelegate.m */,
				46ECBE0E1B15B40D00953FFA /* ViewController.h */,
				46ECBE0F1B15B40D00953FFA /* ViewController.m */,
				46ECBE111B15B40D00953FFA /* Main.storyboard */,
				46ECBE141B15B40D00953FFA /* Images.xcassets */,
				46ECBE161B15B40D00953FFA /* LaunchScreen.xib */,
				46ECBE071B15B40D00953FFA /* Supporting Files */,
			);
			path = LayerChp3;
			sourceTree = "<group>";
		};
		46ECBE071B15B40D00953FFA /* Supporting Files */ = {
			isa = PBXGroup;
			children = (
				46ECBE081B15B40D00953FFA /* Info.plist */,
				46ECBE091B15B40D00953FFA /* main.m */,
			);
			name = "Supporting Files";
			sourceTree = "<group>";
		};
		46ECBE201B15B40D00953FFA /* LayerChp3Tests */ = {
			isa = PBXGroup;
			children = (
				46ECBE231B15B40D00953FFA /* LayerChp3Tests.m */,
				46ECBE211B15B40D00953FFA /* Supporting Files */,
			);
			path = LayerChp3Tests;
			sourceTree = "<group>";
		};
		46ECBE211B15B40D00953FFA /* Supporting Files */ = {
			isa = PBXGroup;
			children = (
				46ECBE221B15B40D00953FFA /* Info.plist */,
			);
			name = "Supporting Files";
			sourceTree = "<group>";
		};
/* End PBXGroup section */

/* Begin PBXNativeTarget section */
		46ECBE031B15B40D00953FFA /* LayerChp3 */ = {
			isa = PBXNativeTarget;
			buildConfigurationList = 46ECBE271B15B40D00953FFA /* Build configuration list for PBXNativeTarget "LayerChp3" */;
			buildPhases = (
				46ECBE001B15B40D00953FFA /* Sources */,
				46ECBE011B15B40D00953FFA /* Frameworks */,
				46ECBE021B15B40D00953FFA /* Resources */,
			);
			buildRules = (
			);
			dependencies = (
			);
			name = LayerChp3;
			productName = LayerChp3;
			productReference = 46ECBE041B15B40D00953FFA /* LayerChp3.app */;
			productType = "com.apple.product-type.application";
		};
		46ECBE1C1B15B40D00953FFA /* LayerChp3Tests */ = {
			isa = PBXNativeTarget;
			buildConfigurationList = 46ECBE2A1B15B40D00953FFA /* Build configuration list for PBXNativeTarget "LayerChp3Tests" */;
			buildPhases = (
				46ECBE191B15B40D00953FFA /* Sources */,
				46ECBE1A1B15B40D00953FFA /* Frameworks */,
				46ECBE1B1B15B40D00953FFA /* Resources */,
			);
			buildRules = (
			);
			dependencies = (
				46ECBE1F1B15B40D00953FFA /* PBXTargetDependency */,
			);
			name = LayerChp3Tests;
			productName = LayerChp3Tests;
			productReference = 46ECBE1D1B15B40D00953FFA /* LayerChp3Tests.xctest */;
			productType = "com.apple.product-type.bundle.unit-test";
		};
/* End PBXNativeTarget section */

/* Begin PBXProject section */
		46ECBDFC1B15B40D00953FFA /* Project object */ = {
			isa = PBXProject;
			attributes = {
				LastUpgradeCheck = 0630;
				ORGANIZATIONNAME = cn.com.tiros;
				TargetAttributes = {
					46ECBE031B15B40D00953FFA = {
						CreatedOnToolsVersion = 6.3;
					};
					46ECBE1C1B15B40D00953FFA = {
						CreatedOnToolsVersion = 6.3;
						TestTargetID = 46ECBE031B15B40D00953FFA;
					};
				};
			};
			buildConfigurationList = 46ECBDFF1B15B40D00953FFA /* Build configuration list for PBXProject "LayerChp3" */;
			compatibilityVersion = "Xcode 3.2";
			developmentRegion = English;
			hasScannedForEncodings = 0;
			knownRegions = (
				en,
				Base,
			);
			mainGroup = 46ECBDFB1B15B40D00953FFA;
			productRefGroup = 46ECBE051B15B40D00953FFA /* Products */;
			projectDirPath = "";
			projectRoot = "";
			targets = (
				46ECBE031B15B40D00953FFA /* LayerChp3 */,
				46ECBE1C1B15B40D00953FFA /* LayerChp3Tests */,
			);
		};
/* End PBXProject section */

/* Begin PBXResourcesBuildPhase section */
		46ECBE021B15B40D00953FFA /* Resources */ = {
			isa = PBXResourcesBuildPhase;
			buildActionMask = 2147483647;
			files = (
				46ECBE131B15B40D00953FFA /* Main.storyboard in Resources */,
				46ECBE181B15B40D00953FFA /* LaunchScreen.xib in Resources */,
				46ECBE151B15B40D00953FFA /* Images.xcassets in Resources */,
			);
			runOnlyForDeploymentPostprocessing = 0;
		};
		46ECBE1B1B15B40D00953FFA /* Resources */ = {
			isa = PBXResourcesBuildPhase;
			buildActionMask = 2147483647;
			files = (
			);
			runOnlyForDeploymentPostprocessing = 0;
		};
/* End PBXResourcesBuildPhase section */

/* Begin PBXSourcesBuildPhase section */
		46ECBE001B15B40D00953FFA /* Sources */ = {
			isa = PBXSourcesBuildPhase;
			buildActionMask = 2147483647;
			files = (
				46ECBE101B15B40D00953FFA /* ViewController.m in Sources */,
				46ECBE0D1B15B40D00953FFA /* AppDelegate.m in Sources */,
				46ECBE0A1B15B40D00953FFA /* main.m in Sources */,
			);
			runOnlyForDeploymentPostprocessing = 0;
		};
		46ECBE191B15B40D00953FFA /* Sources */ = {
			isa = PBXSourcesBuildPhase;
			buildActionMask = 2147483647;
			files = (
				46ECBE241B15B40D00953FFA /* LayerChp3Tests.m in Sources */,
			);
			runOnlyForDeploymentPostprocessing = 0;
		};
/* End PBXSourcesBuildPhase section */

/* Begin PBXTargetDependency section */
		46ECBE1F1B15B40D00953FFA /* PBXTargetDependency */ = {
			isa = PBXTargetDependency;
			target = 46ECBE031B15B40D00953FFA /* LayerChp3 */;
			targetProxy = 46ECBE1E1B15B40D00953FFA /* PBXContainerItemProxy */;
		};
/* End PBXTargetDependency section */

/* Begin PBXVariantGroup section */
		46ECBE111B15B40D00953FFA /* Main.storyboard */ = {
			isa = PBXVariantGroup;
			children = (
				46ECBE121B15B40D00953FFA /* Base */,
			);
			name = Main.storyboard;
			sourceTree = "<group>";
		};
		46ECBE161B15B40D00953FFA /* LaunchScreen.xib */ = {
			isa = PBXVariantGroup;
			children = (
				46ECBE171B15B40D00953FFA /* Base */,
			);
			name = LaunchScreen.xib;
			sourceTree = "<group>";
		};
/* End PBXVariantGroup section */

/* Begin XCBuildConfiguration section */
		46ECBE251B15B40D00953FFA /* Debug */ = {
			isa = XCBuildConfiguration;
			buildSettings = {
				ALWAYS_SEARCH_USER_PATHS = NO;
				CLANG_CXX_LANGUAGE_STANDARD = "gnu++0x";
				CLANG_CXX_LIBRARY = "libc++";
				CLANG_ENABLE_MODULES = YES;
				CLANG_ENABLE_OBJC_ARC = YES;
				CLANG_WARN_BOOL_CONVERSION = YES;
				CLANG_WARN_CONSTANT_CONVERSION = YES;
				CLANG_WARN_DIRECT_OBJC_ISA_USAGE = YES_ERROR;
				CLANG_WARN_EMPTY_BODY = YES;
				CLANG_WARN_ENUM_CONVERSION = YES;
				CLANG_WARN_INT_CONVERSION = YES;
				CLANG_WARN_OBJC_ROOT_CLASS = YES_ERROR;
				CLANG_WARN_UNREACHABLE_CODE = YES;
				CLANG_WARN__DUPLICATE_METHOD_MATCH = YES;
				"CODE_SIGN_IDENTITY[sdk=iphoneos*]" = "iPhone Developer";
				COPY_PHASE_STRIP = NO;
				DEBUG_INFORMATION_FORMAT = "dwarf-with-dsym";
				ENABLE_STRICT_OBJC_MSGSEND = YES;
				GCC_C_LANGUAGE_STANDARD = gnu99;
				GCC_DYNAMIC_NO_PIC = NO;
				GCC_NO_COMMON_BLOCKS = YES;
				GCC_OPTIMIZATION_LEVEL = 0;
				GCC_PREPROCESSOR_DEFINITIONS = (
					"DEBUG=1",
					"$(inherited)",
				);
				GCC_SYMBOLS_PRIVATE_EXTERN = NO;
				GCC_WARN_64_TO_32_BIT_CONVERSION = YES;
				GCC_WARN_ABOUT_RETURN_TYPE = YES_ERROR;
				GCC_WARN_UNDECLARED_SELECTOR = YES;
				GCC_WARN_UNINITIALIZED_AUTOS = YES_AGGRESSIVE;
				GCC_WARN_UNUSED_FUNCTION = YES;
				GCC_WARN_UNUSED_VARIABLE = YES;
				IPHONEOS_DEPLOYMENT_TARGET = 8.3;
				MTL_ENABLE_DEBUG_INFO = YES;
				ONLY_ACTIVE_ARCH = YES;
				SDKROOT = iphoneos;
			};
			name = Debug;
		};
		46ECBE261B15B40D00953FFA /* Release */ = {
			isa = XCBuildConfiguration;
			buildSettings = {
				ALWAYS_SEARCH_USER_PATHS = NO;
				CLANG_CXX_LANGUAGE_STANDARD = "gnu++0x";
				CLANG_CXX_LIBRARY = "libc++";
				CLANG_ENABLE_MODULES = YES;
				CLANG_ENABLE_OBJC_ARC = YES;
				CLANG_WARN_BOOL_CONVERSION = YES;
				CLANG_WARN_CONSTANT_CONVERSION = YES;
				CLANG_WARN_DIRECT_OBJC_ISA_USAGE = YES_ERROR;
				CLANG_WARN_EMPTY_BODY = YES;
				CLANG_WARN_ENUM_CONVERSION = YES;
				CLANG_WARN_INT_CONVERSION = YES;
				CLANG_WARN_OBJC_ROOT_CLASS = YES_ERROR;
				CLANG_WARN_UNREACHABLE_CODE = YES;
				CLANG_WARN__DUPLICATE_METHOD_MATCH = YES;
				"CODE_SIGN_IDENTITY[sdk=iphoneos*]" = "iPhone Developer";
				COPY_PHASE_STRIP = NO;
				DEBUG_INFORMATION_FORMAT = "dwarf-with-dsym";
				ENABLE_NS_ASSERTIONS = NO;
				ENABLE_STRICT_OBJC_MSGSEND = YES;
				GCC_C_LANGUAGE_STANDARD = gnu99;
				GCC_NO_COMMON_BLOCKS = YES;
				GCC_WARN_64_TO_32_BIT_CONVERSION = YES;
				GCC_WARN_ABOUT_RETURN_TYPE = YES_ERROR;
				GCC_WARN_UNDECLARED_SELECTOR = YES;
				GCC_WARN_UNINITIALIZED_AUTOS = YES_AGGRESSIVE;
				GCC_WARN_UNUSED_FUNCTION = YES;
				GCC_WARN_UNUSED_VARIABLE = YES;
				IPHONEOS_DEPLOYMENT_TARGET = 8.3;
				MTL_ENABLE_DEBUG_INFO = NO;
				SDKROOT = iphoneos;
				VALIDATE_PRODUCT = YES;
			};
			name = Release;
		};
		46ECBE281B15B40D00953FFA /* Debug */ = {
			isa = XCBuildConfiguration;
			buildSettings = {
				ASSETCATALOG_COMPILER_APPICON_NAME = AppIcon;
				INFOPLIST_FILE = LayerChp3/Info.plist;
				LD_RUNPATH_SEARCH_PATHS = "$(inherited) @executable_path/Frameworks";
				PRODUCT_NAME = "$(TARGET_NAME)";
			};
			name = Debug;
		};
		46ECBE291B15B40D00953FFA /* Release */ = {
			isa = XCBuildConfiguration;
			buildSettings = {
				ASSETCATALOG_COMPILER_APPICON_NAME = AppIcon;
				INFOPLIST_FILE = LayerChp3/Info.plist;
				LD_RUNPATH_SEARCH_PATHS = "$(inherited) @executable_path/Frameworks";
				PRODUCT_NAME = "$(TARGET_NAME)";
			};
			name = Release;
		};
		46ECBE2B1B15B40D00953FFA /* Debug */ = {
			isa = XCBuildConfiguration;
			buildSettings = {
				BUNDLE_LOADER = "$(TEST_HOST)";
				FRAMEWORK_SEARCH_PATHS = (
					"$(SDKROOT)/Developer/Library/Frameworks",
					"$(inherited)",
				);
				GCC_PREPROCESSOR_DEFINITIONS = (
					"DEBUG=1",
					"$(inherited)",
				);
				INFOPLIST_FILE = LayerChp3Tests/Info.plist;
				LD_RUNPATH_SEARCH_PATHS = "$(inherited) @executable_path/Frameworks @loader_path/Frameworks";
				PRODUCT_NAME = "$(TARGET_NAME)";
				TEST_HOST = "$(BUILT_PRODUCTS_DIR)/LayerChp3.app/LayerChp3";
			};
			name = Debug;
		};
		46ECBE2C1B15B40D00953FFA /* Release */ = {
			isa = XCBuildConfiguration;
			buildSettings = {
				BUNDLE_LOADER = "$(TEST_HOST)";
				FRAMEWORK_SEARCH_PATHS = (
					"$(SDKROOT)/Developer/Library/Frameworks",
					"$(inherited)",
				);
				INFOPLIST_FILE = LayerChp3Tests/Info.plist;
				LD_RUNPATH_SEARCH_PATHS = "$(inherited) @executable_path/Frameworks @loader_path/Frameworks";
				PRODUCT_NAME = "$(TARGET_NAME)";
				TEST_HOST = "$(BUILT_PRODUCTS_DIR)/LayerChp3.app/LayerChp3";
			};
			name = Release;
		};
/* End XCBuildConfiguration section */

/* Begin XCConfigurationList section */
		46ECBDFF1B15B40D00953FFA /* Build configuration list for PBXProject "LayerChp3" */ = {
			isa = XCConfigurationList;
			buildConfigurations = (
				46ECBE251B15B40D00953FFA /* Debug */,
				46ECBE261B15B40D00953FFA /* Release */,
			);
			defaultConfigurationIsVisible = 0;
			defaultConfigurationName = Release;
		};
		46ECBE271B15B40D00953FFA /* Build configuration list for PBXNativeTarget "LayerChp3" */ = {
			isa = XCConfigurationList;
			buildConfigurations = (
				46ECBE281B15B40D00953FFA /* Debug */,
				46ECBE291B15B40D00953FFA /* Release */,
			);
			defaultConfigurationIsVisible = 0;
		};
		46ECBE2A1B15B40D00953FFA /* Build configuration list for PBXNativeTarget "LayerChp3Tests" */ = {
			isa = XCConfigurationList;
			buildConfigurations = (
				46ECBE2B1B15B40D00953FFA /* Debug */,
				46ECBE2C1B15B40D00953FFA /* Release */,
			);
			defaultConfigurationIsVisible = 0;
		};
/* End XCConfigurationList section */
	};
	rootObject = 46ECBDFC1B15B40D00953FFA /* Project object */;
}
